
Microsoft Visual Studio Solution File, Format Version 12.00
# Visual Studio Version 17
VisualStudioVersion = 17.13.35825.156 d17.13
MinimumVisualStudioVersion = 10.0.40219.1
Project("{FAE04EC0-301F-11D3-BF4B-00C04F79EFBC}") = "BlueNestKaraoke", "BlueNestKaraoke\BlueNestKaraoke.csproj", "{7BE93A29-EAC3-49EA-9FB3-FC24776EF046}"
EndProject
Global
	GlobalSection(SolutionConfigurationPlatforms) = preSolution
		Debug|Any CPU = Debug|Any CPU
		Release|Any CPU = Release|Any CPU
	EndGlobalSection
	GlobalSection(ProjectConfigurationPlatforms) = postSolution
		{7BE93A29-EAC3-49EA-9FB3-FC24776EF046}.Debug|Any CPU.ActiveCfg = Debug|Any CPU
		{7BE93A29-EAC3-49EA-9FB3-FC24776EF046}.Debug|Any CPU.Build.0 = Debug|Any CPU
		{7BE93A29-EAC3-49EA-9FB3-FC24776EF046}.Release|Any CPU.ActiveCfg = Release|Any CPU
		{7BE93A29-EAC3-49EA-9FB3-FC24776EF046}.Release|Any CPU.Build.0 = Release|Any CPU
	EndGlobalSection
	GlobalSection(SolutionProperties) = preSolution
		HideSolutionNode = FALSE
	EndGlobalSection
	GlobalSection(ExtensibilityGlobals) = postSolution
		SolutionGuid = {6A7104A5-7190-4580-B20B-986DCE48AF5F}
	EndGlobalSection
EndGlobal
